
Microsoft Visual Studio Solution File, Format Version 12.00
# Visual Studio Version 17
VisualStudioVersion = 17.11.35312.102
MinimumVisualStudioVersion = 10.0.40219.1
Project("{FAE04EC0-301F-11D3-BF4B-00C04F79EFBC}") = "WebApplication4", "WebApplication4\WebApplication4.csproj", "{AF5B73D3-87D1-4D13-953B-C21623C0F275}"
EndProject
Global
	GlobalSection(SolutionConfigurationPlatforms) = preSolution
		Debug|Any CPU = Debug|Any CPU
		Release|Any CPU = Release|Any CPU
	EndGlobalSection
	GlobalSection(ProjectConfigurationPlatforms) = postSolution
		{AF5B73D3-87D1-4D13-953B-C21623C0F275}.Debug|Any CPU.ActiveCfg = Debug|Any CPU
		{AF5B73D3-87D1-4D13-953B-C21623C0F275}.Debug|Any CPU.Build.0 = Debug|Any CPU
		{AF5B73D3-87D1-4D13-953B-C21623C0F275}.Release|Any CPU.ActiveCfg = Release|Any CPU
		{AF5B73D3-87D1-4D13-953B-C21623C0F275}.Release|Any CPU.Build.0 = Release|Any CPU
	EndGlobalSection
	GlobalSection(SolutionProperties) = preSolution
		HideSolutionNode = FALSE
	EndGlobalSection
	GlobalSection(ExtensibilityGlobals) = postSolution
		SolutionGuid = {09E437D3-D2D5-45E6-BA39-36FA527B16B4}
	EndGlobalSection
EndGlobal
